
Microsoft Visual Studio Solution File, Format Version 12.00
# Visual Studio 15
VisualStudioVersion = 15.0.28010.2041
MinimumVisualStudioVersion = 10.0.40219.1
Project("{888888A0-9F3D-457C-B088-3A5042F75D52}") = "deploytest04", "deploytest04\deploytest04.pyproj", "{C6CB563F-470B-4266-9A73-C52B9E512829}"
EndProject
Global
	GlobalSection(SolutionConfigurationPlatforms) = preSolution
		Debug|Any CPU = Debug|Any CPU
		Release|Any CPU = Release|Any CPU
	EndGlobalSection
	GlobalSection(ProjectConfigurationPlatforms) = postSolution
		{C6CB563F-470B-4266-9A73-C52B9E512829}.Debug|Any CPU.ActiveCfg = Debug|Any CPU
		{C6CB563F-470B-4266-9A73-C52B9E512829}.Debug|Any CPU.Build.0 = Debug|Any CPU
		{C6CB563F-470B-4266-9A73-C52B9E512829}.Release|Any CPU.ActiveCfg = Release|Any CPU
		{C6CB563F-470B-4266-9A73-C52B9E512829}.Release|Any CPU.Build.0 = Release|Any CPU
	EndGlobalSection
	GlobalSection(SolutionProperties) = preSolution
		HideSolutionNode = FALSE
	EndGlobalSection
	GlobalSection(ExtensibilityGlobals) = postSolution
		SolutionGuid = {B1E8F8DA-C38E-409D-B393-93A3724B5800}
	EndGlobalSection
EndGlobal
